
Microsoft Visual Studio Solution File, Format Version 12.00
# Visual Studio Version 16
VisualStudioVersion = 16.0.31005.135
MinimumVisualStudioVersion = 10.0.40219.1
Project("{FAE04EC0-301F-11D3-BF4B-00C04F79EFBC}") = "Generador de identidades", "Generador de identidades\Generador de identidades.csproj", "{EB2B3D66-27B1-4A08-9007-CBAF4F98C802}"
EndProject
Global
	GlobalSection(SolutionConfigurationPlatforms) = preSolution
		Debug|Any CPU = Debug|Any CPU
		Release|Any CPU = Release|Any CPU
	EndGlobalSection
	GlobalSection(ProjectConfigurationPlatforms) = postSolution
		{EB2B3D66-27B1-4A08-9007-CBAF4F98C802}.Debug|Any CPU.ActiveCfg = Debug|Any CPU
		{EB2B3D66-27B1-4A08-9007-CBAF4F98C802}.Debug|Any CPU.Build.0 = Debug|Any CPU
		{EB2B3D66-27B1-4A08-9007-CBAF4F98C802}.Release|Any CPU.ActiveCfg = Release|Any CPU
		{EB2B3D66-27B1-4A08-9007-CBAF4F98C802}.Release|Any CPU.Build.0 = Release|Any CPU
	EndGlobalSection
	GlobalSection(SolutionProperties) = preSolution
		HideSolutionNode = FALSE
	EndGlobalSection
	GlobalSection(ExtensibilityGlobals) = postSolution
		SolutionGuid = {D563EDCF-00F8-401C-960E-0D9EA55E5012}
	EndGlobalSection
EndGlobal
